
Microsoft Visual Studio Solution File, Format Version 12.00
# Visual Studio Version 17
VisualStudioVersion = 17.5.33516.290
MinimumVisualStudioVersion = 10.0.40219.1
Project("{FAE04EC0-301F-11D3-BF4B-00C04F79EFBC}") = "Vesper", "Vesperr\Vesper.csproj", "{605DE747-9C46-4F38-AA08-5D64142E3744}"
EndProject
Project("{2150E333-8FDC-42A3-9474-1A3956D46DE8}") = "Solution Items", "Solution Items", "{7775570D-5B3B-4726-89E8-36C113DA4F62}"
	ProjectSection(SolutionItems) = preProject
		.editorconfig = .editorconfig
	EndProjectSection
EndProject
Global
	GlobalSection(SolutionConfigurationPlatforms) = preSolution
		Debug|Any CPU = Debug|Any CPU
		Release|Any CPU = Release|Any CPU
	EndGlobalSection
	GlobalSection(ProjectConfigurationPlatforms) = postSolution
		{605DE747-9C46-4F38-AA08-5D64142E3744}.Debug|Any CPU.ActiveCfg = Debug|Any CPU
		{605DE747-9C46-4F38-AA08-5D64142E3744}.Debug|Any CPU.Build.0 = Debug|Any CPU
		{605DE747-9C46-4F38-AA08-5D64142E3744}.Release|Any CPU.ActiveCfg = Release|Any CPU
		{605DE747-9C46-4F38-AA08-5D64142E3744}.Release|Any CPU.Build.0 = Release|Any CPU
	EndGlobalSection
	GlobalSection(SolutionProperties) = preSolution
		HideSolutionNode = FALSE
	EndGlobalSection
	GlobalSection(ExtensibilityGlobals) = postSolution
		SolutionGuid = {E4223321-9726-4A77-A478-C8BF3C4E9D3F}
	EndGlobalSection
EndGlobal
